
Microsoft Visual Studio Solution File, Format Version 12.00
# Visual Studio Version 17
VisualStudioVersion = 17.4.33205.214
MinimumVisualStudioVersion = 10.0.40219.1
Project("{FAE04EC0-301F-11D3-BF4B-00C04F79EFBC}") = "CERAXLAN.OKR.ChatBot", "CERAXLAN.OKR.ChatBot\CERAXLAN.OKR.ChatBot.csproj", "{E2C09546-D9B8-45A0-AD40-A1FB76E0710C}"
EndProject
Global
	GlobalSection(SolutionConfigurationPlatforms) = preSolution
		Debug|Any CPU = Debug|Any CPU
		Release|Any CPU = Release|Any CPU
	EndGlobalSection
	GlobalSection(ProjectConfigurationPlatforms) = postSolution
		{E2C09546-D9B8-45A0-AD40-A1FB76E0710C}.Debug|Any CPU.ActiveCfg = Debug|Any CPU
		{E2C09546-D9B8-45A0-AD40-A1FB76E0710C}.Debug|Any CPU.Build.0 = Debug|Any CPU
		{E2C09546-D9B8-45A0-AD40-A1FB76E0710C}.Release|Any CPU.ActiveCfg = Release|Any CPU
		{E2C09546-D9B8-45A0-AD40-A1FB76E0710C}.Release|Any CPU.Build.0 = Release|Any CPU
	EndGlobalSection
	GlobalSection(SolutionProperties) = preSolution
		HideSolutionNode = FALSE
	EndGlobalSection
	GlobalSection(ExtensibilityGlobals) = postSolution
		SolutionGuid = {6258A0AD-2B38-483C-9575-676C09E46554}
	EndGlobalSection
EndGlobal
